
Microsoft Visual Studio Solution File, Format Version 12.00
# Visual Studio 15
VisualStudioVersion = 15.0.26430.15
MinimumVisualStudioVersion = 10.0.40219.1
Project("{FAE04EC0-301F-11D3-BF4B-00C04F79EFBC}") = "Backpropagation", "Backpropagation.csproj", "{2742CAE8-BC22-4676-9685-09E28816C8A3}"
EndProject
Project("{FAE04EC0-301F-11D3-BF4B-00C04F79EFBC}") = "BLL", "..\BLL\BLL.csproj", "{2011C4D3-4FFF-4CF5-8603-CE36F213BF65}"
EndProject
Project("{FAE04EC0-301F-11D3-BF4B-00C04F79EFBC}") = "ImageRecognition", "..\ImageRecognition\ImageRecognition.csproj", "{BD5B1D8D-0679-4A55-80C4-FE90EEBD987A}"
EndProject
Global
	GlobalSection(SolutionConfigurationPlatforms) = preSolution
		Debug|Any CPU = Debug|Any CPU
		Release|Any CPU = Release|Any CPU
	EndGlobalSection
	GlobalSection(ProjectConfigurationPlatforms) = postSolution
		{2742CAE8-BC22-4676-9685-09E28816C8A3}.Debug|Any CPU.ActiveCfg = Debug|Any CPU
		{2742CAE8-BC22-4676-9685-09E28816C8A3}.Debug|Any CPU.Build.0 = Debug|Any CPU
		{2742CAE8-BC22-4676-9685-09E28816C8A3}.Release|Any CPU.ActiveCfg = Release|Any CPU
		{2742CAE8-BC22-4676-9685-09E28816C8A3}.Release|Any CPU.Build.0 = Release|Any CPU
		{2011C4D3-4FFF-4CF5-8603-CE36F213BF65}.Debug|Any CPU.ActiveCfg = Debug|Any CPU
		{2011C4D3-4FFF-4CF5-8603-CE36F213BF65}.Debug|Any CPU.Build.0 = Debug|Any CPU
		{2011C4D3-4FFF-4CF5-8603-CE36F213BF65}.Release|Any CPU.ActiveCfg = Release|Any CPU
		{2011C4D3-4FFF-4CF5-8603-CE36F213BF65}.Release|Any CPU.Build.0 = Release|Any CPU
		{BD5B1D8D-0679-4A55-80C4-FE90EEBD987A}.Debug|Any CPU.ActiveCfg = Debug|Any CPU
		{BD5B1D8D-0679-4A55-80C4-FE90EEBD987A}.Debug|Any CPU.Build.0 = Debug|Any CPU
		{BD5B1D8D-0679-4A55-80C4-FE90EEBD987A}.Release|Any CPU.ActiveCfg = Release|Any CPU
		{BD5B1D8D-0679-4A55-80C4-FE90EEBD987A}.Release|Any CPU.Build.0 = Release|Any CPU
	EndGlobalSection
	GlobalSection(SolutionProperties) = preSolution
		HideSolutionNode = FALSE
	EndGlobalSection
EndGlobal
